// !$*UTF8*$!
{
	archiveVersion = 1;
	classes = {
	};
	objectVersion = 46;
	objects = {

/* Begin PBXBuildFile section */
		4203DD1A1DF54BC80057CABC /* main.m in Sources */ = {isa = PBXBuildFile; fileRef = 4203DD191DF54BC80057CABC /* main.m */; };
		4203DD1D1DF54BC80057CABC /* AppDelegate.m in Sources */ = {isa = PBXBuildFile; fileRef = 4203DD1C1DF54BC80057CABC /* AppDelegate.m */; };
		4203DD201DF54BC80057CABC /* ViewController.m in Sources */ = {isa = PBXBuildFile; fileRef = 4203DD1F1DF54BC80057CABC /* ViewController.m */; };
		4203DD231DF54BC80057CABC /* Main.storyboard in Resources */ = {isa = PBXBuildFile; fileRef = 4203DD211DF54BC80057CABC /* Main.storyboard */; };
		4203DD251DF54BC80057CABC /* Assets.xcassets in Resources */ = {isa = PBXBuildFile; fileRef = 4203DD241DF54BC80057CABC /* Assets.xcassets */; };
		4203DD281DF54BC80057CABC /* LaunchScreen.storyboard in Resources */ = {isa = PBXBuildFile; fileRef = 4203DD261DF54BC80057CABC /* LaunchScreen.storyboard */; };
/* End PBXBuildFile section */

/* Begin PBXFileReference section */
		4203DD151DF54BC80057CABC /* RouterResponder.app */ = {isa = PBXFileReference; explicitFileType = wrapper.application; includeInIndex = 0; path = RouterResponder.app; sourceTree = BUILT_PRODUCTS_DIR; };
		4203DD191DF54BC80057CABC /* main.m */ = {isa = PBXFileReference; lastKnownFileType = sourcecode.c.objc; path = main.m; sourceTree = "<group>"; };
		4203DD1B1DF54BC80057CABC /* AppDelegate.h */ = {isa = PBXFileReference; lastKnownFileType = sourcecode.c.h; path = AppDelegate.h; sourceTree = "<group>"; };
		4203DD1C1DF54BC80057CABC /* AppDelegate.m */ = {isa = PBXFileReference; lastKnownFileType = sourcecode.c.objc; path = AppDelegate.m; sourceTree = "<group>"; };
		4203DD1E1DF54BC80057CABC /* ViewController.h */ = {isa = PBXFileReference; lastKnownFileType = sourcecode.c.h; path = ViewController.h; sourceTree = "<group>"; };
		4203DD1F1DF54BC80057CABC /* ViewController.m */ = {isa = PBXFileReference; lastKnownFileType = sourcecode.c.objc; path = ViewController.m; sourceTree = "<group>"; };
		4203DD221DF54BC80057CABC /* Base */ = {isa = PBXFileReference; lastKnownFileType = file.storyboard; name = Base; path = Base.lproj/Main.storyboard; sourceTree = "<group>"; };
		4203DD241DF54BC80057CABC /* Assets.xcassets */ = {isa = PBXFileReference; lastKnownFileType = folder.assetcatalog; path = Assets.xcassets; sourceTree = "<group>"; };
		4203DD271DF54BC80057CABC /* Base */ = {isa = PBXFileReference; lastKnownFileType = file.storyboard; name = Base; path = Base.lproj/LaunchScreen.storyboard; sourceTree = "<group>"; };
		4203DD291DF54BC80057CABC /* Info.plist */ = {isa = PBXFileReference; lastKnownFileType = text.plist.xml; path = Info.plist; sourceTree = "<group>"; };
/* End PBXFileReference section */

/* Begin PBXFrameworksBuildPhase section */
		4203DD121DF54BC80057CABC /* Frameworks */ = {
			isa = PBXFrameworksBuildPhase;
			buildActionMask = 2147483647;
			files = (
			);
			runOnlyForDeploymentPostprocessing = 0;
		};
/* End PBXFrameworksBuildPhase section */

/* Begin PBXGroup section */
		4203DD0C1DF54BC80057CABC = {
			isa = PBXGroup;
			children = (
				4203DD171DF54BC80057CABC /* RouterResponder */,
				4203DD161DF54BC80057CABC /* Products */,
			);
			sourceTree = "<group>";
		};
		4203DD161DF54BC80057CABC /* Products */ = {
			isa = PBXGroup;
			children = (
				4203DD151DF54BC80057CABC /* RouterResponder.app */,
			);
			name = Products;
			sourceTree = "<group>";
		};
		4203DD171DF54BC80057CABC /* RouterResponder */ = {
			isa = PBXGroup;
			children = (
				4203DD1B1DF54BC80057CABC /* AppDelegate.h */,
				4203DD1C1DF54BC80057CABC /* AppDelegate.m */,
				4203DD1E1DF54BC80057CABC /* ViewController.h */,
				4203DD1F1DF54BC80057CABC /* ViewController.m */,
				4203DD211DF54BC80057CABC /* Main.storyboard */,
				4203DD241DF54BC80057CABC /* Assets.xcassets */,
				4203DD261DF54BC80057CABC /* LaunchScreen.storyboard */,
				4203DD291DF54BC80057CABC /* Info.plist */,
				4203DD181DF54BC80057CABC /* Supporting Files */,
			);
			path = RouterResponder;
			sourceTree = "<group>";
		};
		4203DD181DF54BC80057CABC /* Supporting Files */ = {
			isa = PBXGroup;
			children = (
				4203DD191DF54BC80057CABC /* main.m */,
			);
			name = "Supporting Files";
			sourceTree = "<group>";
		};
/* End PBXGroup section */

/* Begin PBXNativeTarget section */
		4203DD141DF54BC80057CABC /* RouterResponder */ = {
			isa = PBXNativeTarget;
			buildConfigurationList = 4203DD2C1DF54BC80057CABC /* Build configuration list for PBXNativeTarget "RouterResponder" */;
			buildPhases = (
				4203DD111DF54BC80057CABC /* Sources */,
				4203DD121DF54BC80057CABC /* Frameworks */,
				4203DD131DF54BC80057CABC /* Resources */,
			);
			buildRules = (
			);
			dependencies = (
			);
			name = RouterResponder;
			productName = RouterResponder;
			productReference = 4203DD151DF54BC80057CABC /* RouterResponder.app */;
			productType = "com.apple.product-type.application";
		};
/* End PBXNativeTarget section */

/* Begin PBXProject section */
		4203DD0D1DF54BC80057CABC /* Project object */ = {
			isa = PBXProject;
			attributes = {
				LastUpgradeCheck = 0810;
				ORGANIZATIONNAME = HeRay;
				TargetAttributes = {
					4203DD141DF54BC80057CABC = {
						CreatedOnToolsVersion = 8.1;
						ProvisioningStyle = Automatic;
					};
				};
			};
			buildConfigurationList = 4203DD101DF54BC80057CABC /* Build configuration list for PBXProject "RouterResponder" */;
			compatibilityVersion = "Xcode 3.2";
			developmentRegion = English;
			hasScannedForEncodings = 0;
			knownRegions = (
				en,
				Base,
			);
			mainGroup = 4203DD0C1DF54BC80057CABC;
			productRefGroup = 4203DD161DF54BC80057CABC /* Products */;
			projectDirPath = "";
			projectRoot = "";
			targets = (
				4203DD141DF54BC80057CABC /* RouterResponder */,
			);
		};
/* End PBXProject section */

/* Begin PBXResourcesBuildPhase section */
		4203DD131DF54BC80057CABC /* Resources */ = {
			isa = PBXResourcesBuildPhase;
			buildActionMask = 2147483647;
			files = (
				4203DD281DF54BC80057CABC /* LaunchScreen.storyboard in Resources */,
				4203DD251DF54BC80057CABC /* Assets.xcassets in Resources */,
				4203DD231DF54BC80057CABC /* Main.storyboard in Resources */,
			);
			runOnlyForDeploymentPostprocessing = 0;
		};
/* End PBXResourcesBuildPhase section */

/* Begin PBXSourcesBuildPhase section */
		4203DD111DF54BC80057CABC /* Sources */ = {
			isa = PBXSourcesBuildPhase;
			buildActionMask = 2147483647;
			files = (
				4203DD201DF54BC80057CABC /* ViewController.m in Sources */,
				4203DD1D1DF54BC80057CABC /* AppDelegate.m in Sources */,
				4203DD1A1DF54BC80057CABC /* main.m in Sources */,
			);
			runOnlyForDeploymentPostprocessing = 0;
		};
/* End PBXSourcesBuildPhase section */

/* Begin PBXVariantGroup section */
		4203DD211DF54BC80057CABC /* Main.storyboard */ = {
			isa = PBXVariantGroup;
			children = (
				4203DD221DF54BC80057CABC /* Base */,
			);
			name = Main.storyboard;
			sourceTree = "<group>";
		};
		4203DD261DF54BC80057CABC /* LaunchScreen.storyboard */ = {
			isa = PBXVariantGroup;
			children = (
				4203DD271DF54BC80057CABC /* Base */,
			);
			name = LaunchScreen.storyboard;
			sourceTree = "<group>";
		};
/* End PBXVariantGroup section */

/* Begin XCBuildConfiguration section */
		4203DD2A1DF54BC80057CABC /* Debug */ = {
			isa = XCBuildConfiguration;
			buildSettings = {
				ALWAYS_SEARCH_USER_PATHS = NO;
				CLANG_ANALYZER_NONNULL = YES;
				CLANG_CXX_LANGUAGE_STANDARD = "gnu++0x";
				CLANG_CXX_LIBRARY = "libc++";
				CLANG_ENABLE_MODULES = YES;
				CLANG_ENABLE_OBJC_ARC = YES;
				CLANG_WARN_BOOL_CONVERSION = YES;
				CLANG_WARN_CONSTANT_CONVERSION = YES;
				CLANG_WARN_DIRECT_OBJC_ISA_USAGE = YES_ERROR;
				CLANG_WARN_DOCUMENTATION_COMMENTS = YES;
				CLANG_WARN_EMPTY_BODY = YES;
				CLANG_WARN_ENUM_CONVERSION = YES;
				CLANG_WARN_INFINITE_RECURSION = YES;
				CLANG_WARN_INT_CONVERSION = YES;
				CLANG_WARN_OBJC_ROOT_CLASS = YES_ERROR;
				CLANG_WARN_SUSPICIOUS_MOVES = YES;
				CLANG_WARN_UNREACHABLE_CODE = YES;
				CLANG_WARN__DUPLICATE_METHOD_MATCH = YES;
				"CODE_SIGN_IDENTITY[sdk=iphoneos*]" = "iPhone Developer";
				COPY_PHASE_STRIP = NO;
				DEBUG_INFORMATION_FORMAT = dwarf;
				ENABLE_STRICT_OBJC_MSGSEND = YES;
				ENABLE_TESTABILITY = YES;
				GCC_C_LANGUAGE_STANDARD = gnu99;
				GCC_DYNAMIC_NO_PIC = NO;
				GCC_NO_COMMON_BLOCKS = YES;
				GCC_OPTIMIZATION_LEVEL = 0;
				GCC_PREPROCESSOR_DEFINITIONS = (
					"DEBUG=1",
					"$(inherited)",
				);
				GCC_WARN_64_TO_32_BIT_CONVERSION = YES;
				GCC_WARN_ABOUT_RETURN_TYPE = YES_ERROR;
				GCC_WARN_UNDECLARED_SELECTOR = YES;
				GCC_WARN_UNINITIALIZED_AUTOS = YES_AGGRESSIVE;
				GCC_WARN_UNUSED_FUNCTION = YES;
				GCC_WARN_UNUSED_VARIABLE = YES;
				IPHONEOS_DEPLOYMENT_TARGET = 10.1;
				MTL_ENABLE_DEBUG_INFO = YES;
				ONLY_ACTIVE_ARCH = YES;
				SDKROOT = iphoneos;
			};
			name = Debug;
		};
		4203DD2B1DF54BC80057CABC /* Release */ = {
			isa = XCBuildConfiguration;
			buildSettings = {
				ALWAYS_SEARCH_USER_PATHS = NO;
				CLANG_ANALYZER_NONNULL = YES;
				CLANG_CXX_LANGUAGE_STANDARD = "gnu++0x";
				CLANG_CXX_LIBRARY = "libc++";
				CLANG_ENABLE_MODULES = YES;
				CLANG_ENABLE_OBJC_ARC = YES;
				CLANG_WARN_BOOL_CONVERSION = YES;
				CLANG_WARN_CONSTANT_CONVERSION = YES;
				CLANG_WARN_DIRECT_OBJC_ISA_USAGE = YES_ERROR;
				CLANG_WARN_DOCUMENTATION_COMMENTS = YES;
				CLANG_WARN_EMPTY_BODY = YES;
				CLANG_WARN_ENUM_CONVERSION = YES;
				CLANG_WARN_INFINITE_RECURSION = YES;
				CLANG_WARN_INT_CONVERSION = YES;
				CLANG_WARN_OBJC_ROOT_CLASS = YES_ERROR;
				CLANG_WARN_SUSPICIOUS_MOVES = YES;
				CLANG_WARN_UNREACHABLE_CODE = YES;
				CLANG_WARN__DUPLICATE_METHOD_MATCH = YES;
				"CODE_SIGN_IDENTITY[sdk=iphoneos*]" = "iPhone Developer";
				COPY_PHASE_STRIP = NO;
				DEBUG_INFORMATION_FORMAT = "dwarf-with-dsym";
				ENABLE_NS_ASSERTIONS = NO;
				ENABLE_STRICT_OBJC_MSGSEND = YES;
				GCC_C_LANGUAGE_STANDARD = gnu99;
				GCC_NO_COMMON_BLOCKS = YES;
				GCC_WARN_64_TO_32_BIT_CONVERSION = YES;
				GCC_WARN_ABOUT_RETURN_TYPE = YES_ERROR;
				GCC_WARN_UNDECLARED_SELECTOR = YES;
				GCC_WARN_UNINITIALIZED_AUTOS = YES_AGGRESSIVE;
				GCC_WARN_UNUSED_FUNCTION = YES;
				GCC_WARN_UNUSED_VARIABLE = YES;
				IPHONEOS_DEPLOYMENT_TARGET = 10.1;
				MTL_ENABLE_DEBUG_INFO = NO;
				SDKROOT = iphoneos;
				VALIDATE_PRODUCT = YES;
			};
			name = Release;
		};
		4203DD2D1DF54BC80057CABC /* Debug */ = {
			isa = XCBuildConfiguration;
			buildSettings = {
				ASSETCATALOG_COMPILER_APPICON_NAME = AppIcon;
				INFOPLIST_FILE = RouterResponder/Info.plist;
				LD_RUNPATH_SEARCH_PATHS = "$(inherited) @executable_path/Frameworks";
				PRODUCT_BUNDLE_IDENTIFIER = hefs.RouterResponder;
				PRODUCT_NAME = "$(TARGET_NAME)";
			};
			name = Debug;
		};
		4203DD2E1DF54BC80057CABC /* Release */ = {
			isa = XCBuildConfiguration;
			buildSettings = {
				ASSETCATALOG_COMPILER_APPICON_NAME = AppIcon;
				INFOPLIST_FILE = RouterResponder/Info.plist;
				LD_RUNPATH_SEARCH_PATHS = "$(inherited) @executable_path/Frameworks";
				PRODUCT_BUNDLE_IDENTIFIER = hefs.RouterResponder;
				PRODUCT_NAME = "$(TARGET_NAME)";
			};
			name = Release;
		};
/* End XCBuildConfiguration section */

/* Begin XCConfigurationList section */
		4203DD101DF54BC80057CABC /* Build configuration list for PBXProject "RouterResponder" */ = {
			isa = XCConfigurationList;
			buildConfigurations = (
				4203DD2A1DF54BC80057CABC /* Debug */,
				4203DD2B1DF54BC80057CABC /* Release */,
			);
			defaultConfigurationIsVisible = 0;
			defaultConfigurationName = Release;
		};
		4203DD2C1DF54BC80057CABC /* Build configuration list for PBXNativeTarget "RouterResponder" */ = {
			isa = XCConfigurationList;
			buildConfigurations = (
				4203DD2D1DF54BC80057CABC /* Debug */,
				4203DD2E1DF54BC80057CABC /* Release */,
			);
			defaultConfigurationIsVisible = 0;
		};
/* End XCConfigurationList section */
	};
	rootObject = 4203DD0D1DF54BC80057CABC /* Project object */;
}
